// !$*UTF8*$!
{
	archiveVersion = 1;
	classes = {
	};
	objectVersion = 56;
	objects = {

/* Begin PBXBuildFile section */
		DBD3D2862B0C87B7005ABA74 /* AppDelegate.swift in Sources */ = {isa = PBXBuildFile; fileRef = DBD3D2852B0C87B7005ABA74 /* AppDelegate.swift */; };
		DBD3D2882B0C87B7005ABA74 /* SceneDelegate.swift in Sources */ = {isa = PBXBuildFile; fileRef = DBD3D2872B0C87B7005ABA74 /* SceneDelegate.swift */; };
		DBD3D28A2B0C87B7005ABA74 /* ViewController.swift in Sources */ = {isa = PBXBuildFile; fileRef = DBD3D2892B0C87B7005ABA74 /* ViewController.swift */; };
		DBD3D28D2B0C87B7005ABA74 /* Main.storyboard in Resources */ = {isa = PBXBuildFile; fileRef = DBD3D28B2B0C87B7005ABA74 /* Main.storyboard */; };
		DBD3D28F2B0C87B8005ABA74 /* Assets.xcassets in Resources */ = {isa = PBXBuildFile; fileRef = DBD3D28E2B0C87B8005ABA74 /* Assets.xcassets */; };
		DBD3D2922B0C87B8005ABA74 /* LaunchScreen.storyboard in Resources */ = {isa = PBXBuildFile; fileRef = DBD3D2902B0C87B8005ABA74 /* LaunchScreen.storyboard */; };
		DBD3D29D2B0C87B9005ABA74 /* TestConcurrencyTests.swift in Sources */ = {isa = PBXBuildFile; fileRef = DBD3D29C2B0C87B9005ABA74 /* TestConcurrencyTests.swift */; };
		DBD3D2A72B0C87B9005ABA74 /* TestConcurrencyUITests.swift in Sources */ = {isa = PBXBuildFile; fileRef = DBD3D2A62B0C87B9005ABA74 /* TestConcurrencyUITests.swift */; };
		DBD3D2A92B0C87B9005ABA74 /* TestConcurrencyUITestsLaunchTests.swift in Sources */ = {isa = PBXBuildFile; fileRef = DBD3D2A82B0C87B9005ABA74 /* TestConcurrencyUITestsLaunchTests.swift */; };
/* End PBXBuildFile section */

/* Begin PBXContainerItemProxy section */
		DBD3D2992B0C87B9005ABA74 /* PBXContainerItemProxy */ = {
			isa = PBXContainerItemProxy;
			containerPortal = DBD3D27A2B0C87B7005ABA74 /* Project object */;
			proxyType = 1;
			remoteGlobalIDString = DBD3D2812B0C87B7005ABA74;
			remoteInfo = TestConcurrency;
		};
		DBD3D2A32B0C87B9005ABA74 /* PBXContainerItemProxy */ = {
			isa = PBXContainerItemProxy;
			containerPortal = DBD3D27A2B0C87B7005ABA74 /* Project object */;
			proxyType = 1;
			remoteGlobalIDString = DBD3D2812B0C87B7005ABA74;
			remoteInfo = TestConcurrency;
		};
/* End PBXContainerItemProxy section */

/* Begin PBXFileReference section */
		DBD3D2822B0C87B7005ABA74 /* TestConcurrency.app */ = {isa = PBXFileReference; explicitFileType = wrapper.application; includeInIndex = 0; path = TestConcurrency.app; sourceTree = BUILT_PRODUCTS_DIR; };
		DBD3D2852B0C87B7005ABA74 /* AppDelegate.swift */ = {isa = PBXFileReference; lastKnownFileType = sourcecode.swift; path = AppDelegate.swift; sourceTree = "<group>"; };
		DBD3D2872B0C87B7005ABA74 /* SceneDelegate.swift */ = {isa = PBXFileReference; lastKnownFileType = sourcecode.swift; path = SceneDelegate.swift; sourceTree = "<group>"; };
		DBD3D2892B0C87B7005ABA74 /* ViewController.swift */ = {isa = PBXFileReference; lastKnownFileType = sourcecode.swift; path = ViewController.swift; sourceTree = "<group>"; };
		DBD3D28C2B0C87B7005ABA74 /* Base */ = {isa = PBXFileReference; lastKnownFileType = file.storyboard; name = Base; path = Base.lproj/Main.storyboard; sourceTree = "<group>"; };
		DBD3D28E2B0C87B8005ABA74 /* Assets.xcassets */ = {isa = PBXFileReference; lastKnownFileType = folder.assetcatalog; path = Assets.xcassets; sourceTree = "<group>"; };
		DBD3D2912B0C87B8005ABA74 /* Base */ = {isa = PBXFileReference; lastKnownFileType = file.storyboard; name = Base; path = Base.lproj/LaunchScreen.storyboard; sourceTree = "<group>"; };
		DBD3D2932B0C87B8005ABA74 /* Info.plist */ = {isa = PBXFileReference; lastKnownFileType = text.plist.xml; path = Info.plist; sourceTree = "<group>"; };
		DBD3D2982B0C87B9005ABA74 /* TestConcurrencyTests.xctest */ = {isa = PBXFileReference; explicitFileType = wrapper.cfbundle; includeInIndex = 0; path = TestConcurrencyTests.xctest; sourceTree = BUILT_PRODUCTS_DIR; };
		DBD3D29C2B0C87B9005ABA74 /* TestConcurrencyTests.swift */ = {isa = PBXFileReference; lastKnownFileType = sourcecode.swift; path = TestConcurrencyTests.swift; sourceTree = "<group>"; };
		DBD3D2A22B0C87B9005ABA74 /* TestConcurrencyUITests.xctest */ = {isa = PBXFileReference; explicitFileType = wrapper.cfbundle; includeInIndex = 0; path = TestConcurrencyUITests.xctest; sourceTree = BUILT_PRODUCTS_DIR; };
		DBD3D2A62B0C87B9005ABA74 /* TestConcurrencyUITests.swift */ = {isa = PBXFileReference; lastKnownFileType = sourcecode.swift; path = TestConcurrencyUITests.swift; sourceTree = "<group>"; };
		DBD3D2A82B0C87B9005ABA74 /* TestConcurrencyUITestsLaunchTests.swift */ = {isa = PBXFileReference; lastKnownFileType = sourcecode.swift; path = TestConcurrencyUITestsLaunchTests.swift; sourceTree = "<group>"; };
/* End PBXFileReference section */

/* Begin PBXFrameworksBuildPhase section */
		DBD3D27F2B0C87B7005ABA74 /* Frameworks */ = {
			isa = PBXFrameworksBuildPhase;
			buildActionMask = 2147483647;
			files = (
			);
			runOnlyForDeploymentPostprocessing = 0;
		};
		DBD3D2952B0C87B9005ABA74 /* Frameworks */ = {
			isa = PBXFrameworksBuildPhase;
			buildActionMask = 2147483647;
			files = (
			);
			runOnlyForDeploymentPostprocessing = 0;
		};
		DBD3D29F2B0C87B9005ABA74 /* Frameworks */ = {
			isa = PBXFrameworksBuildPhase;
			buildActionMask = 2147483647;
			files = (
			);
			runOnlyForDeploymentPostprocessing = 0;
		};
/* End PBXFrameworksBuildPhase section */

/* Begin PBXGroup section */
		DBD3D2792B0C87B7005ABA74 = {
			isa = PBXGroup;
			children = (
				DBD3D2842B0C87B7005ABA74 /* TestConcurrency */,
				DBD3D29B2B0C87B9005ABA74 /* TestConcurrencyTests */,
				DBD3D2A52B0C87B9005ABA74 /* TestConcurrencyUITests */,
				DBD3D2832B0C87B7005ABA74 /* Products */,
			);
			sourceTree = "<group>";
		};
		DBD3D2832B0C87B7005ABA74 /* Products */ = {
			isa = PBXGroup;
			children = (
				DBD3D2822B0C87B7005ABA74 /* TestConcurrency.app */,
				DBD3D2982B0C87B9005ABA74 /* TestConcurrencyTests.xctest */,
				DBD3D2A22B0C87B9005ABA74 /* TestConcurrencyUITests.xctest */,
			);
			name = Products;
			sourceTree = "<group>";
		};
		DBD3D2842B0C87B7005ABA74 /* TestConcurrency */ = {
			isa = PBXGroup;
			children = (
				DBD3D2852B0C87B7005ABA74 /* AppDelegate.swift */,
				DBD3D2872B0C87B7005ABA74 /* SceneDelegate.swift */,
				DBD3D2892B0C87B7005ABA74 /* ViewController.swift */,
				DBD3D28B2B0C87B7005ABA74 /* Main.storyboard */,
				DBD3D28E2B0C87B8005ABA74 /* Assets.xcassets */,
				DBD3D2902B0C87B8005ABA74 /* LaunchScreen.storyboard */,
				DBD3D2932B0C87B8005ABA74 /* Info.plist */,
			);
			path = TestConcurrency;
			sourceTree = "<group>";
		};
		DBD3D29B2B0C87B9005ABA74 /* TestConcurrencyTests */ = {
			isa = PBXGroup;
			children = (
				DBD3D29C2B0C87B9005ABA74 /* TestConcurrencyTests.swift */,
			);
			path = TestConcurrencyTests;
			sourceTree = "<group>";
		};
		DBD3D2A52B0C87B9005ABA74 /* TestConcurrencyUITests */ = {
			isa = PBXGroup;
			children = (
				DBD3D2A62B0C87B9005ABA74 /* TestConcurrencyUITests.swift */,
				DBD3D2A82B0C87B9005ABA74 /* TestConcurrencyUITestsLaunchTests.swift */,
			);
			path = TestConcurrencyUITests;
			sourceTree = "<group>";
		};
/* End PBXGroup section */

/* Begin PBXNativeTarget section */
		DBD3D2812B0C87B7005ABA74 /* TestConcurrency */ = {
			isa = PBXNativeTarget;
			buildConfigurationList = DBD3D2AC2B0C87B9005ABA74 /* Build configuration list for PBXNativeTarget "TestConcurrency" */;
			buildPhases = (
				DBD3D27E2B0C87B7005ABA74 /* Sources */,
				DBD3D27F2B0C87B7005ABA74 /* Frameworks */,
				DBD3D2802B0C87B7005ABA74 /* Resources */,
			);
			buildRules = (
			);
			dependencies = (
			);
			name = TestConcurrency;
			productName = TestConcurrency;
			productReference = DBD3D2822B0C87B7005ABA74 /* TestConcurrency.app */;
			productType = "com.apple.product-type.application";
		};
		DBD3D2972B0C87B9005ABA74 /* TestConcurrencyTests */ = {
			isa = PBXNativeTarget;
			buildConfigurationList = DBD3D2AF2B0C87B9005ABA74 /* Build configuration list for PBXNativeTarget "TestConcurrencyTests" */;
			buildPhases = (
				DBD3D2942B0C87B9005ABA74 /* Sources */,
				DBD3D2952B0C87B9005ABA74 /* Frameworks */,
				DBD3D2962B0C87B9005ABA74 /* Resources */,
			);
			buildRules = (
			);
			dependencies = (
				DBD3D29A2B0C87B9005ABA74 /* PBXTargetDependency */,
			);
			name = TestConcurrencyTests;
			productName = TestConcurrencyTests;
			productReference = DBD3D2982B0C87B9005ABA74 /* TestConcurrencyTests.xctest */;
			productType = "com.apple.product-type.bundle.unit-test";
		};
		DBD3D2A12B0C87B9005ABA74 /* TestConcurrencyUITests */ = {
			isa = PBXNativeTarget;
			buildConfigurationList = DBD3D2B22B0C87B9005ABA74 /* Build configuration list for PBXNativeTarget "TestConcurrencyUITests" */;
			buildPhases = (
				DBD3D29E2B0C87B9005ABA74 /* Sources */,
				DBD3D29F2B0C87B9005ABA74 /* Frameworks */,
				DBD3D2A02B0C87B9005ABA74 /* Resources */,
			);
			buildRules = (
			);
			dependencies = (
				DBD3D2A42B0C87B9005ABA74 /* PBXTargetDependency */,
			);
			name = TestConcurrencyUITests;
			productName = TestConcurrencyUITests;
			productReference = DBD3D2A22B0C87B9005ABA74 /* TestConcurrencyUITests.xctest */;
			productType = "com.apple.product-type.bundle.ui-testing";
		};
/* End PBXNativeTarget section */

/* Begin PBXProject section */
		DBD3D27A2B0C87B7005ABA74 /* Project object */ = {
			isa = PBXProject;
			attributes = {
				BuildIndependentTargetsInParallel = 1;
				LastSwiftUpdateCheck = 1500;
				LastUpgradeCheck = 1500;
				TargetAttributes = {
					DBD3D2812B0C87B7005ABA74 = {
						CreatedOnToolsVersion = 15.0.1;
					};
					DBD3D2972B0C87B9005ABA74 = {
						CreatedOnToolsVersion = 15.0.1;
						TestTargetID = DBD3D2812B0C87B7005ABA74;
					};
					DBD3D2A12B0C87B9005ABA74 = {
						CreatedOnToolsVersion = 15.0.1;
						TestTargetID = DBD3D2812B0C87B7005ABA74;
					};
				};
			};
			buildConfigurationList = DBD3D27D2B0C87B7005ABA74 /* Build configuration list for PBXProject "TestConcurrency" */;
			compatibilityVersion = "Xcode 14.0";
			developmentRegion = en;
			hasScannedForEncodings = 0;
			knownRegions = (
				en,
				Base,
			);
			mainGroup = DBD3D2792B0C87B7005ABA74;
			productRefGroup = DBD3D2832B0C87B7005ABA74 /* Products */;
			projectDirPath = "";
			projectRoot = "";
			targets = (
				DBD3D2812B0C87B7005ABA74 /* TestConcurrency */,
				DBD3D2972B0C87B9005ABA74 /* TestConcurrencyTests */,
				DBD3D2A12B0C87B9005ABA74 /* TestConcurrencyUITests */,
			);
		};
/* End PBXProject section */

/* Begin PBXResourcesBuildPhase section */
		DBD3D2802B0C87B7005ABA74 /* Resources */ = {
			isa = PBXResourcesBuildPhase;
			buildActionMask = 2147483647;
			files = (
				DBD3D2922B0C87B8005ABA74 /* LaunchScreen.storyboard in Resources */,
				DBD3D28F2B0C87B8005ABA74 /* Assets.xcassets in Resources */,
				DBD3D28D2B0C87B7005ABA74 /* Main.storyboard in Resources */,
			);
			runOnlyForDeploymentPostprocessing = 0;
		};
		DBD3D2962B0C87B9005ABA74 /* Resources */ = {
			isa = PBXResourcesBuildPhase;
			buildActionMask = 2147483647;
			files = (
			);
			runOnlyForDeploymentPostprocessing = 0;
		};
		DBD3D2A02B0C87B9005ABA74 /* Resources */ = {
			isa = PBXResourcesBuildPhase;
			buildActionMask = 2147483647;
			files = (
			);
			runOnlyForDeploymentPostprocessing = 0;
		};
/* End PBXResourcesBuildPhase section */

/* Begin PBXSourcesBuildPhase section */
		DBD3D27E2B0C87B7005ABA74 /* Sources */ = {
			isa = PBXSourcesBuildPhase;
			buildActionMask = 2147483647;
			files = (
				DBD3D28A2B0C87B7005ABA74 /* ViewController.swift in Sources */,
				DBD3D2862B0C87B7005ABA74 /* AppDelegate.swift in Sources */,
				DBD3D2882B0C87B7005ABA74 /* SceneDelegate.swift in Sources */,
			);
			runOnlyForDeploymentPostprocessing = 0;
		};
		DBD3D2942B0C87B9005ABA74 /* Sources */ = {
			isa = PBXSourcesBuildPhase;
			buildActionMask = 2147483647;
			files = (
				DBD3D29D2B0C87B9005ABA74 /* TestConcurrencyTests.swift in Sources */,
			);
			runOnlyForDeploymentPostprocessing = 0;
		};
		DBD3D29E2B0C87B9005ABA74 /* Sources */ = {
			isa = PBXSourcesBuildPhase;
			buildActionMask = 2147483647;
			files = (
				DBD3D2A92B0C87B9005ABA74 /* TestConcurrencyUITestsLaunchTests.swift in Sources */,
				DBD3D2A72B0C87B9005ABA74 /* TestConcurrencyUITests.swift in Sources */,
			);
			runOnlyForDeploymentPostprocessing = 0;
		};
/* End PBXSourcesBuildPhase section */

/* Begin PBXTargetDependency section */
		DBD3D29A2B0C87B9005ABA74 /* PBXTargetDependency */ = {
			isa = PBXTargetDependency;
			target = DBD3D2812B0C87B7005ABA74 /* TestConcurrency */;
			targetProxy = DBD3D2992B0C87B9005ABA74 /* PBXContainerItemProxy */;
		};
		DBD3D2A42B0C87B9005ABA74 /* PBXTargetDependency */ = {
			isa = PBXTargetDependency;
			target = DBD3D2812B0C87B7005ABA74 /* TestConcurrency */;
			targetProxy = DBD3D2A32B0C87B9005ABA74 /* PBXContainerItemProxy */;
		};
/* End PBXTargetDependency section */

/* Begin PBXVariantGroup section */
		DBD3D28B2B0C87B7005ABA74 /* Main.storyboard */ = {
			isa = PBXVariantGroup;
			children = (
				DBD3D28C2B0C87B7005ABA74 /* Base */,
			);
			name = Main.storyboard;
			sourceTree = "<group>";
		};
		DBD3D2902B0C87B8005ABA74 /* LaunchScreen.storyboard */ = {
			isa = PBXVariantGroup;
			children = (
				DBD3D2912B0C87B8005ABA74 /* Base */,
			);
			name = LaunchScreen.storyboard;
			sourceTree = "<group>";
		};
/* End PBXVariantGroup section */

/* Begin XCBuildConfiguration section */
		DBD3D2AA2B0C87B9005ABA74 /* Debug */ = {
			isa = XCBuildConfiguration;
			buildSettings = {
				ALWAYS_SEARCH_USER_PATHS = NO;
				ASSETCATALOG_COMPILER_GENERATE_SWIFT_ASSET_SYMBOL_EXTENSIONS = YES;
				CLANG_ANALYZER_NONNULL = YES;
				CLANG_ANALYZER_NUMBER_OBJECT_CONVERSION = YES_AGGRESSIVE;
				CLANG_CXX_LANGUAGE_STANDARD = "gnu++20";
				CLANG_ENABLE_MODULES = YES;
				CLANG_ENABLE_OBJC_ARC = YES;
				CLANG_ENABLE_OBJC_WEAK = YES;
				CLANG_WARN_BLOCK_CAPTURE_AUTORELEASING = YES;
				CLANG_WARN_BOOL_CONVERSION = YES;
				CLANG_WARN_COMMA = YES;
				CLANG_WARN_CONSTANT_CONVERSION = YES;
				CLANG_WARN_DEPRECATED_OBJC_IMPLEMENTATIONS = YES;
				CLANG_WARN_DIRECT_OBJC_ISA_USAGE = YES_ERROR;
				CLANG_WARN_DOCUMENTATION_COMMENTS = YES;
				CLANG_WARN_EMPTY_BODY = YES;
				CLANG_WARN_ENUM_CONVERSION = YES;
				CLANG_WARN_INFINITE_RECURSION = YES;
				CLANG_WARN_INT_CONVERSION = YES;
				CLANG_WARN_NON_LITERAL_NULL_CONVERSION = YES;
				CLANG_WARN_OBJC_IMPLICIT_RETAIN_SELF = YES;
				CLANG_WARN_OBJC_LITERAL_CONVERSION = YES;
				CLANG_WARN_OBJC_ROOT_CLASS = YES_ERROR;
				CLANG_WARN_QUOTED_INCLUDE_IN_FRAMEWORK_HEADER = YES;
				CLANG_WARN_RANGE_LOOP_ANALYSIS = YES;
				CLANG_WARN_STRICT_PROTOTYPES = YES;
				CLANG_WARN_SUSPICIOUS_MOVE = YES;
				CLANG_WARN_UNGUARDED_AVAILABILITY = YES_AGGRESSIVE;
				CLANG_WARN_UNREACHABLE_CODE = YES;
				CLANG_WARN__DUPLICATE_METHOD_MATCH = YES;
				COPY_PHASE_STRIP = NO;
				DEBUG_INFORMATION_FORMAT = dwarf;
				ENABLE_STRICT_OBJC_MSGSEND = YES;
				ENABLE_TESTABILITY = YES;
				ENABLE_USER_SCRIPT_SANDBOXING = YES;
				GCC_C_LANGUAGE_STANDARD = gnu17;
				GCC_DYNAMIC_NO_PIC = NO;
				GCC_NO_COMMON_BLOCKS = YES;
				GCC_OPTIMIZATION_LEVEL = 0;
				GCC_PREPROCESSOR_DEFINITIONS = (
					"DEBUG=1",
					"$(inherited)",
				);
				GCC_WARN_64_TO_32_BIT_CONVERSION = YES;
				GCC_WARN_ABOUT_RETURN_TYPE = YES_ERROR;
				GCC_WARN_UNDECLARED_SELECTOR = YES;
				GCC_WARN_UNINITIALIZED_AUTOS = YES_AGGRESSIVE;
				GCC_WARN_UNUSED_FUNCTION = YES;
				GCC_WARN_UNUSED_VARIABLE = YES;
				IPHONEOS_DEPLOYMENT_TARGET = 17.0;
				LOCALIZATION_PREFERS_STRING_CATALOGS = YES;
				MTL_ENABLE_DEBUG_INFO = INCLUDE_SOURCE;
				MTL_FAST_MATH = YES;
				ONLY_ACTIVE_ARCH = YES;
				SDKROOT = iphoneos;
				SWIFT_ACTIVE_COMPILATION_CONDITIONS = "DEBUG $(inherited)";
				SWIFT_OPTIMIZATION_LEVEL = "-Onone";
			};
			name = Debug;
		};
		DBD3D2AB2B0C87B9005ABA74 /* Release */ = {
			isa = XCBuildConfiguration;
			buildSettings = {
				ALWAYS_SEARCH_USER_PATHS = NO;
				ASSETCATALOG_COMPILER_GENERATE_SWIFT_ASSET_SYMBOL_EXTENSIONS = YES;
				CLANG_ANALYZER_NONNULL = YES;
				CLANG_ANALYZER_NUMBER_OBJECT_CONVERSION = YES_AGGRESSIVE;
				CLANG_CXX_LANGUAGE_STANDARD = "gnu++20";
				CLANG_ENABLE_MODULES = YES;
				CLANG_ENABLE_OBJC_ARC = YES;
				CLANG_ENABLE_OBJC_WEAK = YES;
				CLANG_WARN_BLOCK_CAPTURE_AUTORELEASING = YES;
				CLANG_WARN_BOOL_CONVERSION = YES;
				CLANG_WARN_COMMA = YES;
				CLANG_WARN_CONSTANT_CONVERSION = YES;
				CLANG_WARN_DEPRECATED_OBJC_IMPLEMENTATIONS = YES;
				CLANG_WARN_DIRECT_OBJC_ISA_USAGE = YES_ERROR;
				CLANG_WARN_DOCUMENTATION_COMMENTS = YES;
				CLANG_WARN_EMPTY_BODY = YES;
				CLANG_WARN_ENUM_CONVERSION = YES;
				CLANG_WARN_INFINITE_RECURSION = YES;
				CLANG_WARN_INT_CONVERSION = YES;
				CLANG_WARN_NON_LITERAL_NULL_CONVERSION = YES;
				CLANG_WARN_OBJC_IMPLICIT_RETAIN_SELF = YES;
				CLANG_WARN_OBJC_LITERAL_CONVERSION = YES;
				CLANG_WARN_OBJC_ROOT_CLASS = YES_ERROR;
				CLANG_WARN_QUOTED_INCLUDE_IN_FRAMEWORK_HEADER = YES;
				CLANG_WARN_RANGE_LOOP_ANALYSIS = YES;
				CLANG_WARN_STRICT_PROTOTYPES = YES;
				CLANG_WARN_SUSPICIOUS_MOVE = YES;
				CLANG_WARN_UNGUARDED_AVAILABILITY = YES_AGGRESSIVE;
				CLANG_WARN_UNREACHABLE_CODE = YES;
				CLANG_WARN__DUPLICATE_METHOD_MATCH = YES;
				COPY_PHASE_STRIP = NO;
				DEBUG_INFORMATION_FORMAT = "dwarf-with-dsym";
				ENABLE_NS_ASSERTIONS = NO;
				ENABLE_STRICT_OBJC_MSGSEND = YES;
				ENABLE_USER_SCRIPT_SANDBOXING = YES;
				GCC_C_LANGUAGE_STANDARD = gnu17;
				GCC_NO_COMMON_BLOCKS = YES;
				GCC_WARN_64_TO_32_BIT_CONVERSION = YES;
				GCC_WARN_ABOUT_RETURN_TYPE = YES_ERROR;
				GCC_WARN_UNDECLARED_SELECTOR = YES;
				GCC_WARN_UNINITIALIZED_AUTOS = YES_AGGRESSIVE;
				GCC_WARN_UNUSED_FUNCTION = YES;
				GCC_WARN_UNUSED_VARIABLE = YES;
				IPHONEOS_DEPLOYMENT_TARGET = 17.0;
				LOCALIZATION_PREFERS_STRING_CATALOGS = YES;
				MTL_ENABLE_DEBUG_INFO = NO;
				MTL_FAST_MATH = YES;
				SDKROOT = iphoneos;
				SWIFT_COMPILATION_MODE = wholemodule;
				VALIDATE_PRODUCT = YES;
			};
			name = Release;
		};
		DBD3D2AD2B0C87B9005ABA74 /* Debug */ = {
			isa = XCBuildConfiguration;
			buildSettings = {
				ASSETCATALOG_COMPILER_APPICON_NAME = AppIcon;
				ASSETCATALOG_COMPILER_GLOBAL_ACCENT_COLOR_NAME = AccentColor;
				CODE_SIGN_STYLE = Automatic;
				CURRENT_PROJECT_VERSION = 1;
				DEVELOPMENT_TEAM = N39M7L23FL;
				GENERATE_INFOPLIST_FILE = YES;
				INFOPLIST_FILE = TestConcurrency/Info.plist;
				INFOPLIST_KEY_UIApplicationSupportsIndirectInputEvents = YES;
				INFOPLIST_KEY_UILaunchStoryboardName = LaunchScreen;
				INFOPLIST_KEY_UIMainStoryboardFile = Main;
				INFOPLIST_KEY_UISupportedInterfaceOrientations_iPad = "UIInterfaceOrientationPortrait UIInterfaceOrientationPortraitUpsideDown UIInterfaceOrientationLandscapeLeft UIInterfaceOrientationLandscapeRight";
				INFOPLIST_KEY_UISupportedInterfaceOrientations_iPhone = "UIInterfaceOrientationPortrait UIInterfaceOrientationLandscapeLeft UIInterfaceOrientationLandscapeRight";
				LD_RUNPATH_SEARCH_PATHS = (
					"$(inherited)",
					"@executable_path/Frameworks",
				);
				MARKETING_VERSION = 1.0;
				PRODUCT_BUNDLE_IDENTIFIER = com.jay.TestConcurrency;
				PRODUCT_NAME = "$(TARGET_NAME)";
				SWIFT_EMIT_LOC_STRINGS = YES;
				SWIFT_VERSION = 5.0;
				TARGETED_DEVICE_FAMILY = "1,2";
			};
			name = Debug;
		};
		DBD3D2AE2B0C87B9005ABA74 /* Release */ = {
			isa = XCBuildConfiguration;
			buildSettings = {
				ASSETCATALOG_COMPILER_APPICON_NAME = AppIcon;
				ASSETCATALOG_COMPILER_GLOBAL_ACCENT_COLOR_NAME = AccentColor;
				CODE_SIGN_STYLE = Automatic;
				CURRENT_PROJECT_VERSION = 1;
				DEVELOPMENT_TEAM = N39M7L23FL;
				GENERATE_INFOPLIST_FILE = YES;
				INFOPLIST_FILE = TestConcurrency/Info.plist;
				INFOPLIST_KEY_UIApplicationSupportsIndirectInputEvents = YES;
				INFOPLIST_KEY_UILaunchStoryboardName = LaunchScreen;
				INFOPLIST_KEY_UIMainStoryboardFile = Main;
				INFOPLIST_KEY_UISupportedInterfaceOrientations_iPad = "UIInterfaceOrientationPortrait UIInterfaceOrientationPortraitUpsideDown UIInterfaceOrientationLandscapeLeft UIInterfaceOrientationLandscapeRight";
				INFOPLIST_KEY_UISupportedInterfaceOrientations_iPhone = "UIInterfaceOrientationPortrait UIInterfaceOrientationLandscapeLeft UIInterfaceOrientationLandscapeRight";
				LD_RUNPATH_SEARCH_PATHS = (
					"$(inherited)",
					"@executable_path/Frameworks",
				);
				MARKETING_VERSION = 1.0;
				PRODUCT_BUNDLE_IDENTIFIER = com.jay.TestConcurrency;
				PRODUCT_NAME = "$(TARGET_NAME)";
				SWIFT_EMIT_LOC_STRINGS = YES;
				SWIFT_VERSION = 5.0;
				TARGETED_DEVICE_FAMILY = "1,2";
			};
			name = Release;
		};
		DBD3D2B02B0C87B9005ABA74 /* Debug */ = {
			isa = XCBuildConfiguration;
			buildSettings = {
				ALWAYS_EMBED_SWIFT_STANDARD_LIBRARIES = YES;
				BUNDLE_LOADER = "$(TEST_HOST)";
				CODE_SIGN_STYLE = Automatic;
				CURRENT_PROJECT_VERSION = 1;
				DEVELOPMENT_TEAM = N39M7L23FL;
				GENERATE_INFOPLIST_FILE = YES;
				IPHONEOS_DEPLOYMENT_TARGET = 17.0;
				MARKETING_VERSION = 1.0;
				PRODUCT_BUNDLE_IDENTIFIER = com.jay.TestConcurrencyTests;
				PRODUCT_NAME = "$(TARGET_NAME)";
				SWIFT_EMIT_LOC_STRINGS = NO;
				SWIFT_VERSION = 5.0;
				TARGETED_DEVICE_FAMILY = "1,2";
				TEST_HOST = "$(BUILT_PRODUCTS_DIR)/TestConcurrency.app/$(BUNDLE_EXECUTABLE_FOLDER_PATH)/TestConcurrency";
			};
			name = Debug;
		};
		DBD3D2B12B0C87B9005ABA74 /* Release */ = {
			isa = XCBuildConfiguration;
			buildSettings = {
				ALWAYS_EMBED_SWIFT_STANDARD_LIBRARIES = YES;
				BUNDLE_LOADER = "$(TEST_HOST)";
				CODE_SIGN_STYLE = Automatic;
				CURRENT_PROJECT_VERSION = 1;
				DEVELOPMENT_TEAM = N39M7L23FL;
				GENERATE_INFOPLIST_FILE = YES;
				IPHONEOS_DEPLOYMENT_TARGET = 17.0;
				MARKETING_VERSION = 1.0;
				PRODUCT_BUNDLE_IDENTIFIER = com.jay.TestConcurrencyTests;
				PRODUCT_NAME = "$(TARGET_NAME)";
				SWIFT_EMIT_LOC_STRINGS = NO;
				SWIFT_VERSION = 5.0;
				TARGETED_DEVICE_FAMILY = "1,2";
				TEST_HOST = "$(BUILT_PRODUCTS_DIR)/TestConcurrency.app/$(BUNDLE_EXECUTABLE_FOLDER_PATH)/TestConcurrency";
			};
			name = Release;
		};
		DBD3D2B32B0C87B9005ABA74 /* Debug */ = {
			isa = XCBuildConfiguration;
			buildSettings = {
				ALWAYS_EMBED_SWIFT_STANDARD_LIBRARIES = YES;
				CODE_SIGN_STYLE = Automatic;
				CURRENT_PROJECT_VERSION = 1;
				DEVELOPMENT_TEAM = N39M7L23FL;
				GENERATE_INFOPLIST_FILE = YES;
				MARKETING_VERSION = 1.0;
				PRODUCT_BUNDLE_IDENTIFIER = com.jay.TestConcurrencyUITests;
				PRODUCT_NAME = "$(TARGET_NAME)";
				SWIFT_EMIT_LOC_STRINGS = NO;
				SWIFT_VERSION = 5.0;
				TARGETED_DEVICE_FAMILY = "1,2";
				TEST_TARGET_NAME = TestConcurrency;
			};
			name = Debug;
		};
		DBD3D2B42B0C87B9005ABA74 /* Release */ = {
			isa = XCBuildConfiguration;
			buildSettings = {
				ALWAYS_EMBED_SWIFT_STANDARD_LIBRARIES = YES;
				CODE_SIGN_STYLE = Automatic;
				CURRENT_PROJECT_VERSION = 1;
				DEVELOPMENT_TEAM = N39M7L23FL;
				GENERATE_INFOPLIST_FILE = YES;
				MARKETING_VERSION = 1.0;
				PRODUCT_BUNDLE_IDENTIFIER = com.jay.TestConcurrencyUITests;
				PRODUCT_NAME = "$(TARGET_NAME)";
				SWIFT_EMIT_LOC_STRINGS = NO;
				SWIFT_VERSION = 5.0;
				TARGETED_DEVICE_FAMILY = "1,2";
				TEST_TARGET_NAME = TestConcurrency;
			};
			name = Release;
		};
/* End XCBuildConfiguration section */

/* Begin XCConfigurationList section */
		DBD3D27D2B0C87B7005ABA74 /* Build configuration list for PBXProject "TestConcurrency" */ = {
			isa = XCConfigurationList;
			buildConfigurations = (
				DBD3D2AA2B0C87B9005ABA74 /* Debug */,
				DBD3D2AB2B0C87B9005ABA74 /* Release */,
			);
			defaultConfigurationIsVisible = 0;
			defaultConfigurationName = Release;
		};
		DBD3D2AC2B0C87B9005ABA74 /* Build configuration list for PBXNativeTarget "TestConcurrency" */ = {
			isa = XCConfigurationList;
			buildConfigurations = (
				DBD3D2AD2B0C87B9005ABA74 /* Debug */,
				DBD3D2AE2B0C87B9005ABA74 /* Release */,
			);
			defaultConfigurationIsVisible = 0;
			defaultConfigurationName = Release;
		};
		DBD3D2AF2B0C87B9005ABA74 /* Build configuration list for PBXNativeTarget "TestConcurrencyTests" */ = {
			isa = XCConfigurationList;
			buildConfigurations = (
				DBD3D2B02B0C87B9005ABA74 /* Debug */,
				DBD3D2B12B0C87B9005ABA74 /* Release */,
			);
			defaultConfigurationIsVisible = 0;
			defaultConfigurationName = Release;
		};
		DBD3D2B22B0C87B9005ABA74 /* Build configuration list for PBXNativeTarget "TestConcurrencyUITests" */ = {
			isa = XCConfigurationList;
			buildConfigurations = (
				DBD3D2B32B0C87B9005ABA74 /* Debug */,
				DBD3D2B42B0C87B9005ABA74 /* Release */,
			);
			defaultConfigurationIsVisible = 0;
			defaultConfigurationName = Release;
		};
/* End XCConfigurationList section */
	};
	rootObject = DBD3D27A2B0C87B7005ABA74 /* Project object */;
}
